# This file is automatically @generated by Cargo.
# It is not intended for manual editing.
version = 3

[[package]]
name = "example-quaix-ai"
version = "0.1.0"

[[package]]
name = "example-quaix-server"
version = "0.1.0"

[[package]]
name = "quaix-3d"
version = "0.1.0"

[[package]]
name = "quaix-ai"
version = "0.1.0"

[[package]]
name = "quaix-core"
version = "0.1.0"

[[package]]
name = "quaix-cross"
version = "0.1.0"

[[package]]
name = "quaix-physics"
version = "0.1.0"

[[package]]
name = "quaix-server"
version = "0.1.0"

[[package]]
name = "quaix-ui"
version = "0.1.0"

[[package]]
name = "test-quaix-ai"
version = "0.1.0"
